
Microsoft Visual Studio Solution File, Format Version 12.00
# Visual Studio Version 16
VisualStudioVersion = 16.0.31702.278
MinimumVisualStudioVersion = 10.0.40219.1
Project("{FAE04EC0-301F-11D3-BF4B-00C04F79EFBC}") = "ConsoleApp1", "ConsoleApp1\ConsoleApp1.csproj", "{1C30A24E-FB61-43D8-AC86-059B20613328}"
EndProject
Global
	GlobalSection(SolutionConfigurationPlatforms) = preSolution
		Debug|Any CPU = Debug|Any CPU
		Release|Any CPU = Release|Any CPU
	EndGlobalSection
	GlobalSection(ProjectConfigurationPlatforms) = postSolution
		{1C30A24E-FB61-43D8-AC86-059B20613328}.Debug|Any CPU.ActiveCfg = Debug|Any CPU
		{1C30A24E-FB61-43D8-AC86-059B20613328}.Debug|Any CPU.Build.0 = Debug|Any CPU
		{1C30A24E-FB61-43D8-AC86-059B20613328}.Release|Any CPU.ActiveCfg = Release|Any CPU
		{1C30A24E-FB61-43D8-AC86-059B20613328}.Release|Any CPU.Build.0 = Release|Any CPU
	EndGlobalSection
	GlobalSection(SolutionProperties) = preSolution
		HideSolutionNode = FALSE
	EndGlobalSection
	GlobalSection(ExtensibilityGlobals) = postSolution
		SolutionGuid = {F8A4DEFF-38A1-454C-83C7-E82A1F91F632}
	EndGlobalSection
EndGlobal
